// !$*UTF8*$!
{
	archiveVersion = 1;
	classes = {
	};
	objectVersion = 56;
	objects = {

/* Begin PBXBuildFile section */
		MB0000000000000000000101 /* MellowbendApp.swift in Sources */ = {isa = PBXBuildFile; fileRef = MB0000000000000000000001 /* MellowbendApp.swift */; };
		MB0000000000000000000104 /* StretchTheme.swift in Sources */ = {isa = PBXBuildFile; fileRef = MB0000000000000000000004 /* StretchTheme.swift */; };
		MB0000000000000000000105 /* StretchModels.swift in Sources */ = {isa = PBXBuildFile; fileRef = MB0000000000000000000005 /* StretchModels.swift */; };
		MB0000000000000000000106 /* SoftIcons.swift in Sources */ = {isa = PBXBuildFile; fileRef = MB0000000000000000000006 /* SoftIcons.swift */; };
		MB0000000000000000000107 /* StretchStore.swift in Sources */ = {isa = PBXBuildFile; fileRef = MB0000000000000000000007 /* StretchStore.swift */; };
		MB0000000000000000000137 /* RoutineBuilderView.swift in Sources */ = {isa = PBXBuildFile; fileRef = MB0000000000000000000037 /* RoutineBuilderView.swift */; };
		MB0000000000000000000136 /* ProgramsView.swift in Sources */ = {isa = PBXBuildFile; fileRef = MB0000000000000000000036 /* ProgramsView.swift */; };
		MB0000000000000000000135 /* ProgramLibrary.swift in Sources */ = {isa = PBXBuildFile; fileRef = MB0000000000000000000035 /* ProgramLibrary.swift */; };
		MB0000000000000000000134 /* BuddyStudioView.swift in Sources */ = {isa = PBXBuildFile; fileRef = MB0000000000000000000034 /* BuddyStudioView.swift */; };
		MB0000000000000000000133 /* BuddyNookView.swift in Sources */ = {isa = PBXBuildFile; fileRef = MB0000000000000000000033 /* BuddyNookView.swift */; };
		MB0000000000000000000132 /* BuddyOutfits.swift in Sources */ = {isa = PBXBuildFile; fileRef = MB0000000000000000000032 /* BuddyOutfits.swift */; };
		MB0000000000000000000131 /* CompanionStore.swift in Sources */ = {isa = PBXBuildFile; fileRef = MB0000000000000000000031 /* CompanionStore.swift */; };
		MB0000000000000000000108 /* PoseLibrary.swift in Sources */ = {isa = PBXBuildFile; fileRef = MB0000000000000000000008 /* PoseLibrary.swift */; };
		MB0000000000000000000109 /* BuddyView.swift in Sources */ = {isa = PBXBuildFile; fileRef = MB0000000000000000000009 /* BuddyView.swift */; };
		MB0000000000000000000110 /* SoftComponents.swift in Sources */ = {isa = PBXBuildFile; fileRef = MB0000000000000000000010 /* SoftComponents.swift */; };
		MB0000000000000000000111 /* RootView.swift in Sources */ = {isa = PBXBuildFile; fileRef = MB0000000000000000000011 /* RootView.swift */; };
		MB0000000000000000000112 /* HomeView.swift in Sources */ = {isa = PBXBuildFile; fileRef = MB0000000000000000000012 /* HomeView.swift */; };
		MB0000000000000000000113 /* RoutinesView.swift in Sources */ = {isa = PBXBuildFile; fileRef = MB0000000000000000000013 /* RoutinesView.swift */; };
		MB0000000000000000000114 /* LibraryView.swift in Sources */ = {isa = PBXBuildFile; fileRef = MB0000000000000000000014 /* LibraryView.swift */; };
		MB0000000000000000000115 /* PlayerView.swift in Sources */ = {isa = PBXBuildFile; fileRef = MB0000000000000000000015 /* PlayerView.swift */; };
		MB0000000000000000000116 /* ProgressTabView.swift in Sources */ = {isa = PBXBuildFile; fileRef = MB0000000000000000000016 /* ProgressTabView.swift */; };
		MB0000000000000000000117 /* MoreView.swift in Sources */ = {isa = PBXBuildFile; fileRef = MB0000000000000000000017 /* MoreView.swift */; };
		MB0000000000000000000118 /* OnboardingView.swift in Sources */ = {isa = PBXBuildFile; fileRef = MB0000000000000000000018 /* OnboardingView.swift */; };
		MB0000000000000000000120 /* Assets.xcassets in Resources */ = {isa = PBXBuildFile; fileRef = MB0000000000000000000020 /* Assets.xcassets */; };
		MB0000000000000000000121 /* Art in Resources */ = {isa = PBXBuildFile; fileRef = MB0000000000000000000021 /* Art */; };
/* End PBXBuildFile section */

/* Begin PBXFileReference section */
		MB0000000000000000000001 /* MellowbendApp.swift */ = {isa = PBXFileReference; lastKnownFileType = sourcecode.swift; path = MellowbendApp.swift; sourceTree = "<group>"; };
		MB0000000000000000000004 /* StretchTheme.swift */ = {isa = PBXFileReference; lastKnownFileType = sourcecode.swift; path = StretchTheme.swift; sourceTree = "<group>"; };
		MB0000000000000000000005 /* StretchModels.swift */ = {isa = PBXFileReference; lastKnownFileType = sourcecode.swift; path = StretchModels.swift; sourceTree = "<group>"; };
		MB0000000000000000000006 /* SoftIcons.swift */ = {isa = PBXFileReference; lastKnownFileType = sourcecode.swift; path = SoftIcons.swift; sourceTree = "<group>"; };
		MB0000000000000000000007 /* StretchStore.swift */ = {isa = PBXFileReference; lastKnownFileType = sourcecode.swift; path = StretchStore.swift; sourceTree = "<group>"; };
		MB0000000000000000000037 /* RoutineBuilderView.swift */ = {isa = PBXFileReference; lastKnownFileType = sourcecode.swift; path = RoutineBuilderView.swift; sourceTree = "<group>"; };
		MB0000000000000000000036 /* ProgramsView.swift */ = {isa = PBXFileReference; lastKnownFileType = sourcecode.swift; path = ProgramsView.swift; sourceTree = "<group>"; };
		MB0000000000000000000035 /* ProgramLibrary.swift */ = {isa = PBXFileReference; lastKnownFileType = sourcecode.swift; path = ProgramLibrary.swift; sourceTree = "<group>"; };
		MB0000000000000000000034 /* BuddyStudioView.swift */ = {isa = PBXFileReference; lastKnownFileType = sourcecode.swift; path = BuddyStudioView.swift; sourceTree = "<group>"; };
		MB0000000000000000000033 /* BuddyNookView.swift */ = {isa = PBXFileReference; lastKnownFileType = sourcecode.swift; path = BuddyNookView.swift; sourceTree = "<group>"; };
		MB0000000000000000000032 /* BuddyOutfits.swift */ = {isa = PBXFileReference; lastKnownFileType = sourcecode.swift; path = BuddyOutfits.swift; sourceTree = "<group>"; };
		MB0000000000000000000031 /* CompanionStore.swift */ = {isa = PBXFileReference; lastKnownFileType = sourcecode.swift; path = CompanionStore.swift; sourceTree = "<group>"; };
		MB0000000000000000000008 /* PoseLibrary.swift */ = {isa = PBXFileReference; lastKnownFileType = sourcecode.swift; path = PoseLibrary.swift; sourceTree = "<group>"; };
		MB0000000000000000000009 /* BuddyView.swift */ = {isa = PBXFileReference; lastKnownFileType = sourcecode.swift; path = BuddyView.swift; sourceTree = "<group>"; };
		MB0000000000000000000010 /* SoftComponents.swift */ = {isa = PBXFileReference; lastKnownFileType = sourcecode.swift; path = SoftComponents.swift; sourceTree = "<group>"; };
		MB0000000000000000000011 /* RootView.swift */ = {isa = PBXFileReference; lastKnownFileType = sourcecode.swift; path = RootView.swift; sourceTree = "<group>"; };
		MB0000000000000000000012 /* HomeView.swift */ = {isa = PBXFileReference; lastKnownFileType = sourcecode.swift; path = HomeView.swift; sourceTree = "<group>"; };
		MB0000000000000000000013 /* RoutinesView.swift */ = {isa = PBXFileReference; lastKnownFileType = sourcecode.swift; path = RoutinesView.swift; sourceTree = "<group>"; };
		MB0000000000000000000014 /* LibraryView.swift */ = {isa = PBXFileReference; lastKnownFileType = sourcecode.swift; path = LibraryView.swift; sourceTree = "<group>"; };
		MB0000000000000000000015 /* PlayerView.swift */ = {isa = PBXFileReference; lastKnownFileType = sourcecode.swift; path = PlayerView.swift; sourceTree = "<group>"; };
		MB0000000000000000000016 /* ProgressTabView.swift */ = {isa = PBXFileReference; lastKnownFileType = sourcecode.swift; path = ProgressTabView.swift; sourceTree = "<group>"; };
		MB0000000000000000000017 /* MoreView.swift */ = {isa = PBXFileReference; lastKnownFileType = sourcecode.swift; path = MoreView.swift; sourceTree = "<group>"; };
		MB0000000000000000000018 /* OnboardingView.swift */ = {isa = PBXFileReference; lastKnownFileType = sourcecode.swift; path = OnboardingView.swift; sourceTree = "<group>"; };
		MB0000000000000000000020 /* Assets.xcassets */ = {isa = PBXFileReference; lastKnownFileType = folder.assetcatalog; path = Assets.xcassets; sourceTree = "<group>"; };
		MB0000000000000000000021 /* Art */ = {isa = PBXFileReference; lastKnownFileType = folder; path = Art; sourceTree = "<group>"; };
		MB0000000000000000000022 /* Info.plist */ = {isa = PBXFileReference; lastKnownFileType = text.plist.xml; path = Info.plist; sourceTree = "<group>"; };
		MB0000000000000000000030 /* Mellowbend.app */ = {isa = PBXFileReference; explicitFileType = wrapper.application; includeInIndex = 0; path = "Mellowbend.app"; sourceTree = BUILT_PRODUCTS_DIR; };
/* End PBXFileReference section */

/* Begin PBXFrameworksBuildPhase section */
		MB0000000000000000000201 /* Frameworks */ = {
			isa = PBXFrameworksBuildPhase;
			buildActionMask = 2147483647;
			files = (
			);
			runOnlyForDeploymentPostprocessing = 0;
		};
/* End PBXFrameworksBuildPhase section */

/* Begin PBXGroup section */
		MB0000000000000000000301 = {
			isa = PBXGroup;
			children = (
				MB0000000000000000000302 /* Mellowbend */,
				MB0000000000000000000303 /* Products */,
			);
			sourceTree = "<group>";
		};
		MB0000000000000000000302 /* Mellowbend */ = {
			isa = PBXGroup;
			children = (
				MB0000000000000000000001 /* MellowbendApp.swift */,
				MB0000000000000000000004 /* StretchTheme.swift */,
				MB0000000000000000000005 /* StretchModels.swift */,
				MB0000000000000000000006 /* SoftIcons.swift */,
				MB0000000000000000000007 /* StretchStore.swift */,
				MB0000000000000000000037 /* RoutineBuilderView.swift */,
				MB0000000000000000000036 /* ProgramsView.swift */,
				MB0000000000000000000035 /* ProgramLibrary.swift */,
				MB0000000000000000000034 /* BuddyStudioView.swift */,
				MB0000000000000000000033 /* BuddyNookView.swift */,
				MB0000000000000000000032 /* BuddyOutfits.swift */,
				MB0000000000000000000031 /* CompanionStore.swift */,
				MB0000000000000000000008 /* PoseLibrary.swift */,
				MB0000000000000000000009 /* BuddyView.swift */,
				MB0000000000000000000010 /* SoftComponents.swift */,
				MB0000000000000000000011 /* RootView.swift */,
				MB0000000000000000000012 /* HomeView.swift */,
				MB0000000000000000000013 /* RoutinesView.swift */,
				MB0000000000000000000014 /* LibraryView.swift */,
				MB0000000000000000000015 /* PlayerView.swift */,
				MB0000000000000000000016 /* ProgressTabView.swift */,
				MB0000000000000000000017 /* MoreView.swift */,
				MB0000000000000000000018 /* OnboardingView.swift */,
				MB0000000000000000000020 /* Assets.xcassets */,
				MB0000000000000000000021 /* Art */,
				MB0000000000000000000022 /* Info.plist */,
			);
			path = "Mellowbend";
			sourceTree = "<group>";
		};
		MB0000000000000000000303 /* Products */ = {
			isa = PBXGroup;
			children = (
				MB0000000000000000000030 /* Mellowbend.app */,
			);
			name = Products;
			sourceTree = "<group>";
		};
/* End PBXGroup section */

/* Begin PBXNativeTarget section */
		MB0000000000000000000401 /* Mellowbend */ = {
			isa = PBXNativeTarget;
			buildConfigurationList = MB0000000000000000000501 /* Build configuration list for PBXNativeTarget "Mellowbend" */;
			buildPhases = (
				MB0000000000000000000601 /* Sources */,
				MB0000000000000000000201 /* Frameworks */,
				MB0000000000000000000602 /* Resources */,
			);
			buildRules = (
			);
			dependencies = (
			);
			name = "Mellowbend";
			productName = "Mellowbend";
			productReference = MB0000000000000000000030 /* Mellowbend.app */;
			productType = "com.apple.product-type.application";
		};
/* End PBXNativeTarget section */

/* Begin PBXProject section */
		MB0000000000000000000701 /* Project object */ = {
			isa = PBXProject;
			attributes = {
				BuildIndependentTargetsInParallel = 1;
				LastSwiftUpdateCheck = 1500;
				LastUpgradeCheck = 1500;
				TargetAttributes = {
					MB0000000000000000000401 = {
						CreatedOnToolsVersion = 15.0;
					};
				};
			};
			buildConfigurationList = MB0000000000000000000502 /* Build configuration list for PBXProject "Mellowbend" */;
			compatibilityVersion = "Xcode 14.0";
			developmentRegion = en;
			hasScannedForEncodings = 0;
			knownRegions = (
				en,
				Base,
			);
			mainGroup = MB0000000000000000000301;
			productRefGroup = MB0000000000000000000303 /* Products */;
			projectDirPath = "";
			projectRoot = "";
			targets = (
				MB0000000000000000000401 /* Mellowbend */,
			);
		};
/* End PBXProject section */

/* Begin PBXResourcesBuildPhase section */
		MB0000000000000000000602 /* Resources */ = {
			isa = PBXResourcesBuildPhase;
			buildActionMask = 2147483647;
			files = (
				MB0000000000000000000120 /* Assets.xcassets in Resources */,
				MB0000000000000000000121 /* Art in Resources */,
			);
			runOnlyForDeploymentPostprocessing = 0;
		};
/* End PBXResourcesBuildPhase section */

/* Begin PBXSourcesBuildPhase section */
		MB0000000000000000000601 /* Sources */ = {
			isa = PBXSourcesBuildPhase;
			buildActionMask = 2147483647;
			files = (
				MB0000000000000000000101 /* MellowbendApp.swift in Sources */,
				MB0000000000000000000104 /* StretchTheme.swift in Sources */,
				MB0000000000000000000105 /* StretchModels.swift in Sources */,
				MB0000000000000000000106 /* SoftIcons.swift in Sources */,
				MB0000000000000000000107 /* StretchStore.swift in Sources */,
				MB0000000000000000000137 /* RoutineBuilderView.swift in Sources */,
				MB0000000000000000000136 /* ProgramsView.swift in Sources */,
				MB0000000000000000000135 /* ProgramLibrary.swift in Sources */,
				MB0000000000000000000134 /* BuddyStudioView.swift in Sources */,
				MB0000000000000000000133 /* BuddyNookView.swift in Sources */,
				MB0000000000000000000132 /* BuddyOutfits.swift in Sources */,
				MB0000000000000000000131 /* CompanionStore.swift in Sources */,
				MB0000000000000000000108 /* PoseLibrary.swift in Sources */,
				MB0000000000000000000109 /* BuddyView.swift in Sources */,
				MB0000000000000000000110 /* SoftComponents.swift in Sources */,
				MB0000000000000000000111 /* RootView.swift in Sources */,
				MB0000000000000000000112 /* HomeView.swift in Sources */,
				MB0000000000000000000113 /* RoutinesView.swift in Sources */,
				MB0000000000000000000114 /* LibraryView.swift in Sources */,
				MB0000000000000000000115 /* PlayerView.swift in Sources */,
				MB0000000000000000000116 /* ProgressTabView.swift in Sources */,
				MB0000000000000000000117 /* MoreView.swift in Sources */,
				MB0000000000000000000118 /* OnboardingView.swift in Sources */,
			);
			runOnlyForDeploymentPostprocessing = 0;
		};
/* End PBXSourcesBuildPhase section */

/* Begin XCBuildConfiguration section */
		MB0000000000000000000801 /* Debug */ = {
			isa = XCBuildConfiguration;
			buildSettings = {
				ALWAYS_SEARCH_USER_PATHS = NO;
				CLANG_ANALYZER_NONNULL = YES;
				CLANG_ANALYZER_NUMBER_OBJECT_CONVERSION = YES_AGGRESSIVE;
				CLANG_CXX_LANGUAGE_STANDARD = "gnu++20";
				CLANG_ENABLE_MODULES = YES;
				CLANG_ENABLE_OBJC_ARC = YES;
				CLANG_ENABLE_OBJC_WEAK = YES;
				CLANG_WARN_BOOL_CONVERSION = YES;
				CLANG_WARN_CONSTANT_CONVERSION = YES;
				CLANG_WARN_DIRECT_OBJC_ISA_USAGE = YES_ERROR;
				CLANG_WARN_EMPTY_BODY = YES;
				CLANG_WARN_ENUM_CONVERSION = YES;
				CLANG_WARN_INFINITE_RECURSION = YES;
				CLANG_WARN_INT_CONVERSION = YES;
				CLANG_WARN_OBJC_ROOT_CLASS = YES_ERROR;
				CLANG_WARN_UNREACHABLE_CODE = YES;
				CLANG_WARN__DUPLICATE_METHOD_MATCH = YES;
				COPY_PHASE_STRIP = NO;
				DEBUG_INFORMATION_FORMAT = dwarf;
				ENABLE_STRICT_OBJC_MSGSEND = YES;
				ENABLE_TESTABILITY = YES;
				GCC_C_LANGUAGE_STANDARD = gnu17;
				GCC_DYNAMIC_NO_PIC = NO;
				GCC_NO_COMMON_BLOCKS = YES;
				GCC_OPTIMIZATION_LEVEL = 0;
				GCC_PREPROCESSOR_DEFINITIONS = (
					"DEBUG=1",
					"$(inherited)",
				);
				GCC_WARN_64_TO_32_BIT_CONVERSION = YES;
				GCC_WARN_ABOUT_RETURN_TYPE = YES_ERROR;
				GCC_WARN_UNDECLARED_SELECTOR = YES;
				GCC_WARN_UNINITIALIZED_AUTOS = YES_AGGRESSIVE;
				GCC_WARN_UNUSED_FUNCTION = YES;
				GCC_WARN_UNUSED_VARIABLE = YES;
				IPHONEOS_DEPLOYMENT_TARGET = 15.6;
				MTL_ENABLE_DEBUG_INFO = INCLUDE_SOURCE;
				MTL_FAST_MATH = YES;
				ONLY_ACTIVE_ARCH = YES;
				SDKROOT = iphoneos;
				SWIFT_ACTIVE_COMPILATION_CONDITIONS = "DEBUG $(inherited)";
				SWIFT_OPTIMIZATION_LEVEL = "-Onone";
			};
			name = Debug;
		};
		MB0000000000000000000802 /* Release */ = {
			isa = XCBuildConfiguration;
			buildSettings = {
				ALWAYS_SEARCH_USER_PATHS = NO;
				CLANG_ANALYZER_NONNULL = YES;
				CLANG_ANALYZER_NUMBER_OBJECT_CONVERSION = YES_AGGRESSIVE;
				CLANG_CXX_LANGUAGE_STANDARD = "gnu++20";
				CLANG_ENABLE_MODULES = YES;
				CLANG_ENABLE_OBJC_ARC = YES;
				CLANG_ENABLE_OBJC_WEAK = YES;
				CLANG_WARN_BOOL_CONVERSION = YES;
				CLANG_WARN_CONSTANT_CONVERSION = YES;
				CLANG_WARN_DIRECT_OBJC_ISA_USAGE = YES_ERROR;
				CLANG_WARN_EMPTY_BODY = YES;
				CLANG_WARN_ENUM_CONVERSION = YES;
				CLANG_WARN_INFINITE_RECURSION = YES;
				CLANG_WARN_INT_CONVERSION = YES;
				CLANG_WARN_OBJC_ROOT_CLASS = YES_ERROR;
				CLANG_WARN_UNREACHABLE_CODE = YES;
				CLANG_WARN__DUPLICATE_METHOD_MATCH = YES;
				COPY_PHASE_STRIP = NO;
				DEBUG_INFORMATION_FORMAT = "dwarf-with-dsym";
				ENABLE_NS_ASSERTIONS = NO;
				ENABLE_STRICT_OBJC_MSGSEND = YES;
				GCC_C_LANGUAGE_STANDARD = gnu17;
				GCC_NO_COMMON_BLOCKS = YES;
				GCC_WARN_64_TO_32_BIT_CONVERSION = YES;
				GCC_WARN_ABOUT_RETURN_TYPE = YES_ERROR;
				GCC_WARN_UNDECLARED_SELECTOR = YES;
				GCC_WARN_UNINITIALIZED_AUTOS = YES_AGGRESSIVE;
				GCC_WARN_UNUSED_FUNCTION = YES;
				GCC_WARN_UNUSED_VARIABLE = YES;
				IPHONEOS_DEPLOYMENT_TARGET = 15.6;
				MTL_ENABLE_DEBUG_INFO = NO;
				MTL_FAST_MATH = YES;
				SDKROOT = iphoneos;
				SWIFT_COMPILATION_MODE = wholemodule;
				SWIFT_OPTIMIZATION_LEVEL = "-O";
			};
			name = Release;
		};
		MB0000000000000000000803 /* Debug */ = {
			isa = XCBuildConfiguration;
			buildSettings = {
				ASSETCATALOG_COMPILER_APPICON_NAME = AppIcon;
				CODE_SIGN_IDENTITY = "";
				CODE_SIGN_STYLE = Manual;
				CURRENT_PROJECT_VERSION = 1;
				DEVELOPMENT_TEAM = "";
				ENABLE_PREVIEWS = YES;
				GENERATE_INFOPLIST_FILE = NO;
				INFOPLIST_FILE = "Mellowbend/Info.plist";
				IPHONEOS_DEPLOYMENT_TARGET = 15.6;
				LD_RUNPATH_SEARCH_PATHS = (
					"$(inherited)",
					"@executable_path/Frameworks",
				);
				MARKETING_VERSION = 1.0;
				PRODUCT_BUNDLE_IDENTIFIER = com.mellowbend.app;
				PRODUCT_NAME = "$(TARGET_NAME)";
				SUPPORTED_PLATFORMS = "iphoneos iphonesimulator";
				SUPPORTS_MACCATALYST = NO;
				SUPPORTS_MAC_DESIGNED_FOR_IPHONE_IPAD = NO;
				SUPPORTS_XR_DESIGNED_FOR_IPHONE_IPAD = NO;
				SWIFT_EMIT_LOC_STRINGS = YES;
				SWIFT_VERSION = 5.0;
				TARGETED_DEVICE_FAMILY = "1,2";
			};
			name = Debug;
		};
		MB0000000000000000000804 /* Release */ = {
			isa = XCBuildConfiguration;
			buildSettings = {
				ASSETCATALOG_COMPILER_APPICON_NAME = AppIcon;
				CODE_SIGN_IDENTITY = "";
				CODE_SIGN_STYLE = Manual;
				CURRENT_PROJECT_VERSION = 1;
				DEVELOPMENT_TEAM = "";
				ENABLE_PREVIEWS = YES;
				GENERATE_INFOPLIST_FILE = NO;
				INFOPLIST_FILE = "Mellowbend/Info.plist";
				IPHONEOS_DEPLOYMENT_TARGET = 15.6;
				LD_RUNPATH_SEARCH_PATHS = (
					"$(inherited)",
					"@executable_path/Frameworks",
				);
				MARKETING_VERSION = 1.0;
				PRODUCT_BUNDLE_IDENTIFIER = com.mellowbend.app;
				PRODUCT_NAME = "$(TARGET_NAME)";
				SUPPORTED_PLATFORMS = "iphoneos iphonesimulator";
				SUPPORTS_MACCATALYST = NO;
				SUPPORTS_MAC_DESIGNED_FOR_IPHONE_IPAD = NO;
				SUPPORTS_XR_DESIGNED_FOR_IPHONE_IPAD = NO;
				SWIFT_EMIT_LOC_STRINGS = YES;
				SWIFT_VERSION = 5.0;
				TARGETED_DEVICE_FAMILY = "1,2";
			};
			name = Release;
		};
/* End XCBuildConfiguration section */

/* Begin XCConfigurationList section */
		MB0000000000000000000501 /* Build configuration list for PBXNativeTarget "Mellowbend" */ = {
			isa = XCConfigurationList;
			buildConfigurations = (
				MB0000000000000000000803 /* Debug */,
				MB0000000000000000000804 /* Release */,
			);
			defaultConfigurationIsVisible = 0;
			defaultConfigurationName = Release;
		};
		MB0000000000000000000502 /* Build configuration list for PBXProject "Mellowbend" */ = {
			isa = XCConfigurationList;
			buildConfigurations = (
				MB0000000000000000000801 /* Debug */,
				MB0000000000000000000802 /* Release */,
			);
			defaultConfigurationIsVisible = 0;
			defaultConfigurationName = Release;
		};
/* End XCConfigurationList section */
	};
	rootObject = MB0000000000000000000701 /* Project object */;
}
